
Microsoft Visual Studio Solution File, Format Version 12.00
# Visual Studio 15
VisualStudioVersion = 15.0.26124.0
MinimumVisualStudioVersion = 15.0.26124.0
Project("{FAE04EC0-301F-11D3-BF4B-00C04F79EFBC}") = "API", "API\API.csproj", "{FA561466-5D96-4EB9-880D-B0FD6FA9D1B7}"
EndProject
Project("{FAE04EC0-301F-11D3-BF4B-00C04F79EFBC}") = "Core", "Core\Core.csproj", "{22BB6A5B-74F4-4A8D-B2B8-DE7A1E0A1D74}"
EndProject
Project("{FAE04EC0-301F-11D3-BF4B-00C04F79EFBC}") = "Infrastructure", "Infrastructure\Infrastructure.csproj", "{BDCEDDCC-60B2-41A5-95A3-DD087F3D7288}"
EndProject
Global
	GlobalSection(SolutionConfigurationPlatforms) = preSolution
		Debug|Any CPU = Debug|Any CPU
		Debug|x64 = Debug|x64
		Debug|x86 = Debug|x86
		Release|Any CPU = Release|Any CPU
		Release|x64 = Release|x64
		Release|x86 = Release|x86
	EndGlobalSection
	GlobalSection(SolutionProperties) = preSolution
		HideSolutionNode = FALSE
	EndGlobalSection
	GlobalSection(ProjectConfigurationPlatforms) = postSolution
		{FA561466-5D96-4EB9-880D-B0FD6FA9D1B7}.Debug|Any CPU.ActiveCfg = Debug|Any CPU
		{FA561466-5D96-4EB9-880D-B0FD6FA9D1B7}.Debug|Any CPU.Build.0 = Debug|Any CPU
		{FA561466-5D96-4EB9-880D-B0FD6FA9D1B7}.Debug|x64.ActiveCfg = Debug|Any CPU
		{FA561466-5D96-4EB9-880D-B0FD6FA9D1B7}.Debug|x64.Build.0 = Debug|Any CPU
		{FA561466-5D96-4EB9-880D-B0FD6FA9D1B7}.Debug|x86.ActiveCfg = Debug|Any CPU
		{FA561466-5D96-4EB9-880D-B0FD6FA9D1B7}.Debug|x86.Build.0 = Debug|Any CPU
		{FA561466-5D96-4EB9-880D-B0FD6FA9D1B7}.Release|Any CPU.ActiveCfg = Release|Any CPU
		{FA561466-5D96-4EB9-880D-B0FD6FA9D1B7}.Release|Any CPU.Build.0 = Release|Any CPU
		{FA561466-5D96-4EB9-880D-B0FD6FA9D1B7}.Release|x64.ActiveCfg = Release|Any CPU
		{FA561466-5D96-4EB9-880D-B0FD6FA9D1B7}.Release|x64.Build.0 = Release|Any CPU
		{FA561466-5D96-4EB9-880D-B0FD6FA9D1B7}.Release|x86.ActiveCfg = Release|Any CPU
		{FA561466-5D96-4EB9-880D-B0FD6FA9D1B7}.Release|x86.Build.0 = Release|Any CPU
		{22BB6A5B-74F4-4A8D-B2B8-DE7A1E0A1D74}.Debug|Any CPU.ActiveCfg = Debug|Any CPU
		{22BB6A5B-74F4-4A8D-B2B8-DE7A1E0A1D74}.Debug|Any CPU.Build.0 = Debug|Any CPU
		{22BB6A5B-74F4-4A8D-B2B8-DE7A1E0A1D74}.Debug|x64.ActiveCfg = Debug|Any CPU
		{22BB6A5B-74F4-4A8D-B2B8-DE7A1E0A1D74}.Debug|x64.Build.0 = Debug|Any CPU
		{22BB6A5B-74F4-4A8D-B2B8-DE7A1E0A1D74}.Debug|x86.ActiveCfg = Debug|Any CPU
		{22BB6A5B-74F4-4A8D-B2B8-DE7A1E0A1D74}.Debug|x86.Build.0 = Debug|Any CPU
		{22BB6A5B-74F4-4A8D-B2B8-DE7A1E0A1D74}.Release|Any CPU.ActiveCfg = Release|Any CPU
		{22BB6A5B-74F4-4A8D-B2B8-DE7A1E0A1D74}.Release|Any CPU.Build.0 = Release|Any CPU
		{22BB6A5B-74F4-4A8D-B2B8-DE7A1E0A1D74}.Release|x64.ActiveCfg = Release|Any CPU
		{22BB6A5B-74F4-4A8D-B2B8-DE7A1E0A1D74}.Release|x64.Build.0 = Release|Any CPU
		{22BB6A5B-74F4-4A8D-B2B8-DE7A1E0A1D74}.Release|x86.ActiveCfg = Release|Any CPU
		{22BB6A5B-74F4-4A8D-B2B8-DE7A1E0A1D74}.Release|x86.Build.0 = Release|Any CPU
		{BDCEDDCC-60B2-41A5-95A3-DD087F3D7288}.Debug|Any CPU.ActiveCfg = Debug|Any CPU
		{BDCEDDCC-60B2-41A5-95A3-DD087F3D7288}.Debug|Any CPU.Build.0 = Debug|Any CPU
		{BDCEDDCC-60B2-41A5-95A3-DD087F3D7288}.Debug|x64.ActiveCfg = Debug|Any CPU
		{BDCEDDCC-60B2-41A5-95A3-DD087F3D7288}.Debug|x64.Build.0 = Debug|Any CPU
		{BDCEDDCC-60B2-41A5-95A3-DD087F3D7288}.Debug|x86.ActiveCfg = Debug|Any CPU
		{BDCEDDCC-60B2-41A5-95A3-DD087F3D7288}.Debug|x86.Build.0 = Debug|Any CPU
		{BDCEDDCC-60B2-41A5-95A3-DD087F3D7288}.Release|Any CPU.ActiveCfg = Release|Any CPU
		{BDCEDDCC-60B2-41A5-95A3-DD087F3D7288}.Release|Any CPU.Build.0 = Release|Any CPU
		{BDCEDDCC-60B2-41A5-95A3-DD087F3D7288}.Release|x64.ActiveCfg = Release|Any CPU
		{BDCEDDCC-60B2-41A5-95A3-DD087F3D7288}.Release|x64.Build.0 = Release|Any CPU
		{BDCEDDCC-60B2-41A5-95A3-DD087F3D7288}.Release|x86.ActiveCfg = Release|Any CPU
		{BDCEDDCC-60B2-41A5-95A3-DD087F3D7288}.Release|x86.Build.0 = Release|Any CPU
	EndGlobalSection
EndGlobal
